Microsoft Visual Studio Solution File, Format Version 12.00
# Visual Studio Version 17
VisualStudioVersion = 17.0.31903.59
MinimumVisualStudioVersion = 10.0.40219.1
Project("{FAE04EC0-301F-11D3-BF4B-00C04F79EFBC}") = "Bridge.Core", "Bridge.Core\Bridge.Core.csproj", "{9F8397C9-3408-41EB-9D81-040120A4A501}"
EndProject
Project("{FAE04EC0-301F-11D3-BF4B-00C04F79EFBC}") = "Bridge.Mod", "Bridge.Mod\Bridge.Mod.csproj", "{AF749E68-6F9F-4D89-9C3E-0F2115B0565A}"
EndProject
Project("{FAE04EC0-301F-11D3-BF4B-00C04F79EFBC}") = "Bridge.Tests", "Bridge.Tests\Bridge.Tests.csproj", "{89591112-A758-4C32-A5FE-6F6F811B69B7}"
EndProject
Global
	GlobalSection(SolutionConfigurationPlatforms) = preSolution
		Debug|Any CPU = Debug|Any CPU
		Release|Any CPU = Release|Any CPU
	EndGlobalSection
	GlobalSection(ProjectConfigurationPlatforms) = postSolution
		{9F8397C9-3408-41EB-9D81-040120A4A501}.Debug|Any CPU.ActiveCfg = Debug|Any CPU
		{9F8397C9-3408-41EB-9D81-040120A4A501}.Debug|Any CPU.Build.0 = Debug|Any CPU
		{9F8397C9-3408-41EB-9D81-040120A4A501}.Release|Any CPU.ActiveCfg = Release|Any CPU
		{9F8397C9-3408-41EB-9D81-040120A4A501}.Release|Any CPU.Build.0 = Release|Any CPU
		{AF749E68-6F9F-4D89-9C3E-0F2115B0565A}.Debug|Any CPU.ActiveCfg = Debug|Any CPU
		{AF749E68-6F9F-4D89-9C3E-0F2115B0565A}.Debug|Any CPU.Build.0 = Debug|Any CPU
		{AF749E68-6F9F-4D89-9C3E-0F2115B0565A}.Release|Any CPU.ActiveCfg = Release|Any CPU
		{AF749E68-6F9F-4D89-9C3E-0F2115B0565A}.Release|Any CPU.Build.0 = Release|Any CPU
		{89591112-A758-4C32-A5FE-6F6F811B69B7}.Debug|Any CPU.ActiveCfg = Debug|Any CPU
		{89591112-A758-4C32-A5FE-6F6F811B69B7}.Debug|Any CPU.Build.0 = Debug|Any CPU
		{89591112-A758-4C32-A5FE-6F6F811B69B7}.Release|Any CPU.ActiveCfg = Release|Any CPU
		{89591112-A758-4C32-A5FE-6F6F811B69B7}.Release|Any CPU.Build.0 = Release|Any CPU
	EndGlobalSection
EndGlobal
